// !$*UTF8*$!
{
	archiveVersion = 1;
	classes = {
	};
	objectVersion = 56;
	objects = {

/* Begin PBXBuildFile section */
		06D0C3E029F96B1300ACF42D /* AFL3_0706012110034_Marsha_Alexis_Likorawung_RPGBattleApp.swift in Sources */ = {isa = PBXBuildFile; fileRef = 06D0C3DF29F96B1300ACF42D /* AFL3_0706012110034_Marsha_Alexis_Likorawung_RPGBattleApp.swift */; };
		06D0C3E229F96B1300ACF42D /* ContentView.swift in Sources */ = {isa = PBXBuildFile; fileRef = 06D0C3E129F96B1300ACF42D /* ContentView.swift */; };
		06D0C3E429F96B1500ACF42D /* Assets.xcassets in Resources */ = {isa = PBXBuildFile; fileRef = 06D0C3E329F96B1500ACF42D /* Assets.xcassets */; };
		06D0C3E729F96B1500ACF42D /* Preview Assets.xcassets in Resources */ = {isa = PBXBuildFile; fileRef = 06D0C3E629F96B1500ACF42D /* Preview Assets.xcassets */; };
		06D0C3F029F96B7900ACF42D /* Player.swift in Sources */ = {isa = PBXBuildFile; fileRef = 06D0C3EF29F96B7900ACF42D /* Player.swift */; };
		06D0C3F229F96B8300ACF42D /* Enemy.swift in Sources */ = {isa = PBXBuildFile; fileRef = 06D0C3F129F96B8300ACF42D /* Enemy.swift */; };
		06D0C3F429F96B8C00ACF42D /* Golem.swift in Sources */ = {isa = PBXBuildFile; fileRef = 06D0C3F329F96B8B00ACF42D /* Golem.swift */; };
		06D0C3F629F96B9700ACF42D /* Troll.swift in Sources */ = {isa = PBXBuildFile; fileRef = 06D0C3F529F96B9700ACF42D /* Troll.swift */; };
		06D0C3F829F9747800ACF42D /* JourneyScreenView.swift in Sources */ = {isa = PBXBuildFile; fileRef = 06D0C3F729F9747800ACF42D /* JourneyScreenView.swift */; };
		06D0C40C29F9790B00ACF42D /* MainMenuView.swift in Sources */ = {isa = PBXBuildFile; fileRef = 06D0C40B29F9790B00ACF42D /* MainMenuView.swift */; };
		06D0C40F29F979E100ACF42D /* Const.swift in Sources */ = {isa = PBXBuildFile; fileRef = 06D0C40E29F979E100ACF42D /* Const.swift */; };
		06D0C41129F97EFE00ACF42D /* CheckHealthStatsView.swift in Sources */ = {isa = PBXBuildFile; fileRef = 06D0C41029F97EFE00ACF42D /* CheckHealthStatsView.swift */; };
		06D0C41329F980C900ACF42D /* HealWoundView.swift in Sources */ = {isa = PBXBuildFile; fileRef = 06D0C41229F980C900ACF42D /* HealWoundView.swift */; };
		06D0C41529F980DA00ACF42D /* UseElixerView.swift in Sources */ = {isa = PBXBuildFile; fileRef = 06D0C41429F980DA00ACF42D /* UseElixerView.swift */; };
		06D0C41729F980EC00ACF42D /* ForestOfTrollView.swift in Sources */ = {isa = PBXBuildFile; fileRef = 06D0C41629F980EC00ACF42D /* ForestOfTrollView.swift */; };
		06D0C41929F980FB00ACF42D /* MountainOfGolemView.swift in Sources */ = {isa = PBXBuildFile; fileRef = 06D0C41829F980FB00ACF42D /* MountainOfGolemView.swift */; };
		06D0C41F29F99CA000ACF42D /* ProtocolGolem.swift in Sources */ = {isa = PBXBuildFile; fileRef = 06D0C41B29F99C9F00ACF42D /* ProtocolGolem.swift */; };
		06D0C42029F99CA000ACF42D /* ProtocolEnemy.swift in Sources */ = {isa = PBXBuildFile; fileRef = 06D0C41C29F99C9F00ACF42D /* ProtocolEnemy.swift */; };
		06D0C42129F99CA000ACF42D /* ProtocolPlayer.swift in Sources */ = {isa = PBXBuildFile; fileRef = 06D0C41D29F99C9F00ACF42D /* ProtocolPlayer.swift */; };
		06D0C42229F99CA000ACF42D /* ProtocolTroll.swift in Sources */ = {isa = PBXBuildFile; fileRef = 06D0C41E29F99C9F00ACF42D /* ProtocolTroll.swift */; };
		06D0C42629F9AC5A00ACF42D /* FleeFromBattleView.swift in Sources */ = {isa = PBXBuildFile; fileRef = 06D0C42529F9AC5A00ACF42D /* FleeFromBattleView.swift */; };
		06D0C42829FA100700ACF42D /* ReloadViewHelper.swift in Sources */ = {isa = PBXBuildFile; fileRef = 06D0C42729FA100700ACF42D /* ReloadViewHelper.swift */; };
		06D0C42E29FA143700ACF42D /* EnemyVitalScreenView.swift in Sources */ = {isa = PBXBuildFile; fileRef = 06D0C42D29FA143700ACF42D /* EnemyVitalScreenView.swift */; };
/* End PBXBuildFile section */

/* Begin PBXFileReference section */
		06D0C3DC29F96B1300ACF42D /* AFL3_0706012110034_Marsha Alexis Likorawung_RPGBattle.app */ = {isa = PBXFileReference; explicitFileType = wrapper.application; includeInIndex = 0; path = "AFL3_0706012110034_Marsha Alexis Likorawung_RPGBattle.app"; sourceTree = BUILT_PRODUCTS_DIR; };
		06D0C3DF29F96B1300ACF42D /* AFL3_0706012110034_Marsha_Alexis_Likorawung_RPGBattleApp.swift */ = {isa = PBXFileReference; lastKnownFileType = sourcecode.swift; path = AFL3_0706012110034_Marsha_Alexis_Likorawung_RPGBattleApp.swift; sourceTree = "<group>"; };
		06D0C3E129F96B1300ACF42D /* ContentView.swift */ = {isa = PBXFileReference; lastKnownFileType = sourcecode.swift; path = ContentView.swift; sourceTree = "<group>"; };
		06D0C3E329F96B1500ACF42D /* Assets.xcassets */ = {isa = PBXFileReference; lastKnownFileType = folder.assetcatalog; path = Assets.xcassets; sourceTree = "<group>"; };
		06D0C3E629F96B1500ACF42D /* Preview Assets.xcassets */ = {isa = PBXFileReference; lastKnownFileType = folder.assetcatalog; path = "Preview Assets.xcassets"; sourceTree = "<group>"; };
		06D0C3EF29F96B7900ACF42D /* Player.swift */ = {isa = PBXFileReference; lastKnownFileType = sourcecode.swift; path = Player.swift; sourceTree = "<group>"; };
		06D0C3F129F96B8300ACF42D /* Enemy.swift */ = {isa = PBXFileReference; lastKnownFileType = sourcecode.swift; path = Enemy.swift; sourceTree = "<group>"; };
		06D0C3F329F96B8B00ACF42D /* Golem.swift */ = {isa = PBXFileReference; lastKnownFileType = sourcecode.swift; path = Golem.swift; sourceTree = "<group>"; };
		06D0C3F529F96B9700ACF42D /* Troll.swift */ = {isa = PBXFileReference; lastKnownFileType = sourcecode.swift; path = Troll.swift; sourceTree = "<group>"; };
		06D0C3F729F9747800ACF42D /* JourneyScreenView.swift */ = {isa = PBXFileReference; lastKnownFileType = sourcecode.swift; path = JourneyScreenView.swift; sourceTree = "<group>"; };
		06D0C40B29F9790B00ACF42D /* MainMenuView.swift */ = {isa = PBXFileReference; lastKnownFileType = sourcecode.swift; path = MainMenuView.swift; sourceTree = "<group>"; };
		06D0C40E29F979E100ACF42D /* Const.swift */ = {isa = PBXFileReference; lastKnownFileType = sourcecode.swift; path = Const.swift; sourceTree = "<group>"; };
		06D0C41029F97EFE00ACF42D /* CheckHealthStatsView.swift */ = {isa = PBXFileReference; lastKnownFileType = sourcecode.swift; path = CheckHealthStatsView.swift; sourceTree = "<group>"; };
		06D0C41229F980C900ACF42D /* HealWoundView.swift */ = {isa = PBXFileReference; lastKnownFileType = sourcecode.swift; path = HealWoundView.swift; sourceTree = "<group>"; };
		06D0C41429F980DA00ACF42D /* UseElixerView.swift */ = {isa = PBXFileReference; lastKnownFileType = sourcecode.swift; path = UseElixerView.swift; sourceTree = "<group>"; };
		06D0C41629F980EC00ACF42D /* ForestOfTrollView.swift */ = {isa = PBXFileReference; lastKnownFileType = sourcecode.swift; path = ForestOfTrollView.swift; sourceTree = "<group>"; };
		06D0C41829F980FB00ACF42D /* MountainOfGolemView.swift */ = {isa = PBXFileReference; lastKnownFileType = sourcecode.swift; path = MountainOfGolemView.swift; sourceTree = "<group>"; };
		06D0C41B29F99C9F00ACF42D /* ProtocolGolem.swift */ = {isa = PBXFileReference; fileEncoding = 4; lastKnownFileType = sourcecode.swift; path = ProtocolGolem.swift; sourceTree = "<group>"; };
		06D0C41C29F99C9F00ACF42D /* ProtocolEnemy.swift */ = {isa = PBXFileReference; fileEncoding = 4; lastKnownFileType = sourcecode.swift; path = ProtocolEnemy.swift; sourceTree = "<group>"; };
		06D0C41D29F99C9F00ACF42D /* ProtocolPlayer.swift */ = {isa = PBXFileReference; fileEncoding = 4; lastKnownFileType = sourcecode.swift; path = ProtocolPlayer.swift; sourceTree = "<group>"; };
		06D0C41E29F99C9F00ACF42D /* ProtocolTroll.swift */ = {isa = PBXFileReference; fileEncoding = 4; lastKnownFileType = sourcecode.swift; path = ProtocolTroll.swift; sourceTree = "<group>"; };
		06D0C42529F9AC5A00ACF42D /* FleeFromBattleView.swift */ = {isa = PBXFileReference; lastKnownFileType = sourcecode.swift; path = FleeFromBattleView.swift; sourceTree = "<group>"; };
		06D0C42729FA100700ACF42D /* ReloadViewHelper.swift */ = {isa = PBXFileReference; lastKnownFileType = sourcecode.swift; path = ReloadViewHelper.swift; sourceTree = "<group>"; };
		06D0C42D29FA143700ACF42D /* EnemyVitalScreenView.swift */ = {isa = PBXFileReference; lastKnownFileType = sourcecode.swift; path = EnemyVitalScreenView.swift; sourceTree = "<group>"; };
/* End PBXFileReference section */

/* Begin PBXFrameworksBuildPhase section */
		06D0C3D929F96B1300ACF42D /* Frameworks */ = {
			isa = PBXFrameworksBuildPhase;
			buildActionMask = 2147483647;
			files = (
			);
			runOnlyForDeploymentPostprocessing = 0;
		};
/* End PBXFrameworksBuildPhase section */

/* Begin PBXGroup section */
		06D0C3D329F96B1300ACF42D = {
			isa = PBXGroup;
			children = (
				06D0C3DE29F96B1300ACF42D /* AFL3_0706012110034_Marsha Alexis Likorawung_RPGBattle */,
				06D0C3DD29F96B1300ACF42D /* Products */,
			);
			sourceTree = "<group>";
		};
		06D0C3DD29F96B1300ACF42D /* Products */ = {
			isa = PBXGroup;
			children = (
				06D0C3DC29F96B1300ACF42D /* AFL3_0706012110034_Marsha Alexis Likorawung_RPGBattle.app */,
			);
			name = Products;
			sourceTree = "<group>";
		};
		06D0C3DE29F96B1300ACF42D /* AFL3_0706012110034_Marsha Alexis Likorawung_RPGBattle */ = {
			isa = PBXGroup;
			children = (
				06D0C41A29F99C9F00ACF42D /* Protocol */,
				06D0C40D29F979CE00ACF42D /* Helper */,
				06D0C3EE29F96B5300ACF42D /* Views */,
				06D0C3ED29F96B4B00ACF42D /* Model */,
				06D0C3DF29F96B1300ACF42D /* AFL3_0706012110034_Marsha_Alexis_Likorawung_RPGBattleApp.swift */,
				06D0C3E129F96B1300ACF42D /* ContentView.swift */,
				06D0C3E329F96B1500ACF42D /* Assets.xcassets */,
				06D0C3E529F96B1500ACF42D /* Preview Content */,
			);
			path = "AFL3_0706012110034_Marsha Alexis Likorawung_RPGBattle";
			sourceTree = "<group>";
		};
		06D0C3E529F96B1500ACF42D /* Preview Content */ = {
			isa = PBXGroup;
			children = (
				06D0C3E629F96B1500ACF42D /* Preview Assets.xcassets */,
			);
			path = "Preview Content";
			sourceTree = "<group>";
		};
		06D0C3ED29F96B4B00ACF42D /* Model */ = {
			isa = PBXGroup;
			children = (
				06D0C3EF29F96B7900ACF42D /* Player.swift */,
				06D0C3F129F96B8300ACF42D /* Enemy.swift */,
				06D0C3F329F96B8B00ACF42D /* Golem.swift */,
				06D0C3F529F96B9700ACF42D /* Troll.swift */,
			);
			path = Model;
			sourceTree = "<group>";
		};
		06D0C3EE29F96B5300ACF42D /* Views */ = {
			isa = PBXGroup;
			children = (
				06D0C3F729F9747800ACF42D /* JourneyScreenView.swift */,
				06D0C40B29F9790B00ACF42D /* MainMenuView.swift */,
				06D0C41029F97EFE00ACF42D /* CheckHealthStatsView.swift */,
				06D0C41229F980C900ACF42D /* HealWoundView.swift */,
				06D0C41429F980DA00ACF42D /* UseElixerView.swift */,
				06D0C41629F980EC00ACF42D /* ForestOfTrollView.swift */,
				06D0C41829F980FB00ACF42D /* MountainOfGolemView.swift */,
				06D0C42529F9AC5A00ACF42D /* FleeFromBattleView.swift */,
				06D0C42D29FA143700ACF42D /* EnemyVitalScreenView.swift */,
			);
			path = Views;
			sourceTree = "<group>";
		};
		06D0C40D29F979CE00ACF42D /* Helper */ = {
			isa = PBXGroup;
			children = (
				06D0C40E29F979E100ACF42D /* Const.swift */,
				06D0C42729FA100700ACF42D /* ReloadViewHelper.swift */,
			);
			path = Helper;
			sourceTree = "<group>";
		};
		06D0C41A29F99C9F00ACF42D /* Protocol */ = {
			isa = PBXGroup;
			children = (
				06D0C41B29F99C9F00ACF42D /* ProtocolGolem.swift */,
				06D0C41C29F99C9F00ACF42D /* ProtocolEnemy.swift */,
				06D0C41D29F99C9F00ACF42D /* ProtocolPlayer.swift */,
				06D0C41E29F99C9F00ACF42D /* ProtocolTroll.swift */,
			);
			path = Protocol;
			sourceTree = "<group>";
		};
/* End PBXGroup section */

/* Begin PBXNativeTarget section */
		06D0C3DB29F96B1300ACF42D /* AFL3_0706012110034_Marsha Alexis Likorawung_RPGBattle */ = {
			isa = PBXNativeTarget;
			buildConfigurationList = 06D0C3EA29F96B1500ACF42D /* Build configuration list for PBXNativeTarget "AFL3_0706012110034_Marsha Alexis Likorawung_RPGBattle" */;
			buildPhases = (
				06D0C3D829F96B1300ACF42D /* Sources */,
				06D0C3D929F96B1300ACF42D /* Frameworks */,
				06D0C3DA29F96B1300ACF42D /* Resources */,
			);
			buildRules = (
			);
			dependencies = (
			);
			name = "AFL3_0706012110034_Marsha Alexis Likorawung_RPGBattle";
			productName = "AFL3_0706012110034_Marsha Alexis Likorawung_RPGBattle";
			productReference = 06D0C3DC29F96B1300ACF42D /* AFL3_0706012110034_Marsha Alexis Likorawung_RPGBattle.app */;
			productType = "com.apple.product-type.application";
		};
/* End PBXNativeTarget section */

/* Begin PBXProject section */
		06D0C3D429F96B1300ACF42D /* Project object */ = {
			isa = PBXProject;
			attributes = {
				BuildIndependentTargetsInParallel = 1;
				LastSwiftUpdateCheck = 1430;
				LastUpgradeCheck = 1430;
				TargetAttributes = {
					06D0C3DB29F96B1300ACF42D = {
						CreatedOnToolsVersion = 14.3;
					};
				};
			};
			buildConfigurationList = 06D0C3D729F96B1300ACF42D /* Build configuration list for PBXProject "AFL3_0706012110034_Marsha Alexis Likorawung_RPGBattle" */;
			compatibilityVersion = "Xcode 14.0";
			developmentRegion = en;
			hasScannedForEncodings = 0;
			knownRegions = (
				en,
				Base,
			);
			mainGroup = 06D0C3D329F96B1300ACF42D;
			productRefGroup = 06D0C3DD29F96B1300ACF42D /* Products */;
			projectDirPath = "";
			projectRoot = "";
			targets = (
				06D0C3DB29F96B1300ACF42D /* AFL3_0706012110034_Marsha Alexis Likorawung_RPGBattle */,
			);
		};
/* End PBXProject section */

/* Begin PBXResourcesBuildPhase section */
		06D0C3DA29F96B1300ACF42D /* Resources */ = {
			isa = PBXResourcesBuildPhase;
			buildActionMask = 2147483647;
			files = (
				06D0C3E729F96B1500ACF42D /* Preview Assets.xcassets in Resources */,
				06D0C3E429F96B1500ACF42D /* Assets.xcassets in Resources */,
			);
			runOnlyForDeploymentPostprocessing = 0;
		};
/* End PBXResourcesBuildPhase section */

/* Begin PBXSourcesBuildPhase section */
		06D0C3D829F96B1300ACF42D /* Sources */ = {
			isa = PBXSourcesBuildPhase;
			buildActionMask = 2147483647;
			files = (
				06D0C3F829F9747800ACF42D /* JourneyScreenView.swift in Sources */,
				06D0C3F429F96B8C00ACF42D /* Golem.swift in Sources */,
				06D0C3F229F96B8300ACF42D /* Enemy.swift in Sources */,
				06D0C42229F99CA000ACF42D /* ProtocolTroll.swift in Sources */,
				06D0C41129F97EFE00ACF42D /* CheckHealthStatsView.swift in Sources */,
				06D0C42829FA100700ACF42D /* ReloadViewHelper.swift in Sources */,
				06D0C3E229F96B1300ACF42D /* ContentView.swift in Sources */,
				06D0C41929F980FB00ACF42D /* MountainOfGolemView.swift in Sources */,
				06D0C40C29F9790B00ACF42D /* MainMenuView.swift in Sources */,
				06D0C3F029F96B7900ACF42D /* Player.swift in Sources */,
				06D0C42629F9AC5A00ACF42D /* FleeFromBattleView.swift in Sources */,
				06D0C42129F99CA000ACF42D /* ProtocolPlayer.swift in Sources */,
				06D0C41F29F99CA000ACF42D /* ProtocolGolem.swift in Sources */,
				06D0C41729F980EC00ACF42D /* ForestOfTrollView.swift in Sources */,
				06D0C3E029F96B1300ACF42D /* AFL3_0706012110034_Marsha_Alexis_Likorawung_RPGBattleApp.swift in Sources */,
				06D0C3F629F96B9700ACF42D /* Troll.swift in Sources */,
				06D0C40F29F979E100ACF42D /* Const.swift in Sources */,
				06D0C41329F980C900ACF42D /* HealWoundView.swift in Sources */,
				06D0C42029F99CA000ACF42D /* ProtocolEnemy.swift in Sources */,
				06D0C42E29FA143700ACF42D /* EnemyVitalScreenView.swift in Sources */,
				06D0C41529F980DA00ACF42D /* UseElixerView.swift in Sources */,
			);
			runOnlyForDeploymentPostprocessing = 0;
		};
/* End PBXSourcesBuildPhase section */

/* Begin XCBuildConfiguration section */
		06D0C3E829F96B1500ACF42D /* Debug */ = {
			isa = XCBuildConfiguration;
			buildSettings = {
				ALWAYS_SEARCH_USER_PATHS = NO;
				CLANG_ANALYZER_NONNULL = YES;
				CLANG_ANALYZER_NUMBER_OBJECT_CONVERSION = YES_AGGRESSIVE;
				CLANG_CXX_LANGUAGE_STANDARD = "gnu++20";
				CLANG_ENABLE_MODULES = YES;
				CLANG_ENABLE_OBJC_ARC = YES;
				CLANG_ENABLE_OBJC_WEAK = YES;
				CLANG_WARN_BLOCK_CAPTURE_AUTORELEASING = YES;
				CLANG_WARN_BOOL_CONVERSION = YES;
				CLANG_WARN_COMMA = YES;
				CLANG_WARN_CONSTANT_CONVERSION = YES;
				CLANG_WARN_DEPRECATED_OBJC_IMPLEMENTATIONS = YES;
				CLANG_WARN_DIRECT_OBJC_ISA_USAGE = YES_ERROR;
				CLANG_WARN_DOCUMENTATION_COMMENTS = YES;
				CLANG_WARN_EMPTY_BODY = YES;
				CLANG_WARN_ENUM_CONVERSION = YES;
				CLANG_WARN_INFINITE_RECURSION = YES;
				CLANG_WARN_INT_CONVERSION = YES;
				CLANG_WARN_NON_LITERAL_NULL_CONVERSION = YES;
				CLANG_WARN_OBJC_IMPLICIT_RETAIN_SELF = YES;
				CLANG_WARN_OBJC_LITERAL_CONVERSION = YES;
				CLANG_WARN_OBJC_ROOT_CLASS = YES_ERROR;
				CLANG_WARN_QUOTED_INCLUDE_IN_FRAMEWORK_HEADER = YES;
				CLANG_WARN_RANGE_LOOP_ANALYSIS = YES;
				CLANG_WARN_STRICT_PROTOTYPES = YES;
				CLANG_WARN_SUSPICIOUS_MOVE = YES;
				CLANG_WARN_UNGUARDED_AVAILABILITY = YES_AGGRESSIVE;
				CLANG_WARN_UNREACHABLE_CODE = YES;
				CLANG_WARN__DUPLICATE_METHOD_MATCH = YES;
				COPY_PHASE_STRIP = NO;
				DEBUG_INFORMATION_FORMAT = dwarf;
				ENABLE_STRICT_OBJC_MSGSEND = YES;
				ENABLE_TESTABILITY = YES;
				GCC_C_LANGUAGE_STANDARD = gnu11;
				GCC_DYNAMIC_NO_PIC = NO;
				GCC_NO_COMMON_BLOCKS = YES;
				GCC_OPTIMIZATION_LEVEL = 0;
				GCC_PREPROCESSOR_DEFINITIONS = (
					"DEBUG=1",
					"$(inherited)",
				);
				GCC_WARN_64_TO_32_BIT_CONVERSION = YES;
				GCC_WARN_ABOUT_RETURN_TYPE = YES_ERROR;
				GCC_WARN_UNDECLARED_SELECTOR = YES;
				GCC_WARN_UNINITIALIZED_AUTOS = YES_AGGRESSIVE;
				GCC_WARN_UNUSED_FUNCTION = YES;
				GCC_WARN_UNUSED_VARIABLE = YES;
				IPHONEOS_DEPLOYMENT_TARGET = 16.4;
				MTL_ENABLE_DEBUG_INFO = INCLUDE_SOURCE;
				MTL_FAST_MATH = YES;
				ONLY_ACTIVE_ARCH = YES;
				SDKROOT = iphoneos;
				SWIFT_ACTIVE_COMPILATION_CONDITIONS = DEBUG;
				SWIFT_OPTIMIZATION_LEVEL = "-Onone";
			};
			name = Debug;
		};
		06D0C3E929F96B1500ACF42D /* Release */ = {
			isa = XCBuildConfiguration;
			buildSettings = {
				ALWAYS_SEARCH_USER_PATHS = NO;
				CLANG_ANALYZER_NONNULL = YES;
				CLANG_ANALYZER_NUMBER_OBJECT_CONVERSION = YES_AGGRESSIVE;
				CLANG_CXX_LANGUAGE_STANDARD = "gnu++20";
				CLANG_ENABLE_MODULES = YES;
				CLANG_ENABLE_OBJC_ARC = YES;
				CLANG_ENABLE_OBJC_WEAK = YES;
				CLANG_WARN_BLOCK_CAPTURE_AUTORELEASING = YES;
				CLANG_WARN_BOOL_CONVERSION = YES;
				CLANG_WARN_COMMA = YES;
				CLANG_WARN_CONSTANT_CONVERSION = YES;
				CLANG_WARN_DEPRECATED_OBJC_IMPLEMENTATIONS = YES;
				CLANG_WARN_DIRECT_OBJC_ISA_USAGE = YES_ERROR;
				CLANG_WARN_DOCUMENTATION_COMMENTS = YES;
				CLANG_WARN_EMPTY_BODY = YES;
				CLANG_WARN_ENUM_CONVERSION = YES;
				CLANG_WARN_INFINITE_RECURSION = YES;
				CLANG_WARN_INT_CONVERSION = YES;
				CLANG_WARN_NON_LITERAL_NULL_CONVERSION = YES;
				CLANG_WARN_OBJC_IMPLICIT_RETAIN_SELF = YES;
				CLANG_WARN_OBJC_LITERAL_CONVERSION = YES;
				CLANG_WARN_OBJC_ROOT_CLASS = YES_ERROR;
				CLANG_WARN_QUOTED_INCLUDE_IN_FRAMEWORK_HEADER = YES;
				CLANG_WARN_RANGE_LOOP_ANALYSIS = YES;
				CLANG_WARN_STRICT_PROTOTYPES = YES;
				CLANG_WARN_SUSPICIOUS_MOVE = YES;
				CLANG_WARN_UNGUARDED_AVAILABILITY = YES_AGGRESSIVE;
				CLANG_WARN_UNREACHABLE_CODE = YES;
				CLANG_WARN__DUPLICATE_METHOD_MATCH = YES;
				COPY_PHASE_STRIP = NO;
				DEBUG_INFORMATION_FORMAT = "dwarf-with-dsym";
				ENABLE_NS_ASSERTIONS = NO;
				ENABLE_STRICT_OBJC_MSGSEND = YES;
				GCC_C_LANGUAGE_STANDARD = gnu11;
				GCC_NO_COMMON_BLOCKS = YES;
				GCC_WARN_64_TO_32_BIT_CONVERSION = YES;
				GCC_WARN_ABOUT_RETURN_TYPE = YES_ERROR;
				GCC_WARN_UNDECLARED_SELECTOR = YES;
				GCC_WARN_UNINITIALIZED_AUTOS = YES_AGGRESSIVE;
				GCC_WARN_UNUSED_FUNCTION = YES;
				GCC_WARN_UNUSED_VARIABLE = YES;
				IPHONEOS_DEPLOYMENT_TARGET = 16.4;
				MTL_ENABLE_DEBUG_INFO = NO;
				MTL_FAST_MATH = YES;
				SDKROOT = iphoneos;
				SWIFT_COMPILATION_MODE = wholemodule;
				SWIFT_OPTIMIZATION_LEVEL = "-O";
				VALIDATE_PRODUCT = YES;
			};
			name = Release;
		};
		06D0C3EB29F96B1500ACF42D /* Debug */ = {
			isa = XCBuildConfiguration;
			buildSettings = {
				ASSETCATALOG_COMPILER_APPICON_NAME = AppIcon;
				ASSETCATALOG_COMPILER_GLOBAL_ACCENT_COLOR_NAME = AccentColor;
				CODE_SIGN_STYLE = Automatic;
				CURRENT_PROJECT_VERSION = 1;
				DEVELOPMENT_ASSET_PATHS = "\"AFL3_0706012110034_Marsha Alexis Likorawung_RPGBattle/Preview Content\"";
				DEVELOPMENT_TEAM = 7573MGT656;
				ENABLE_PREVIEWS = YES;
				GENERATE_INFOPLIST_FILE = YES;
				INFOPLIST_KEY_UIApplicationSceneManifest_Generation = YES;
				INFOPLIST_KEY_UIApplicationSupportsIndirectInputEvents = YES;
				INFOPLIST_KEY_UILaunchScreen_Generation = YES;
				INFOPLIST_KEY_UISupportedInterfaceOrientations_iPad = "UIInterfaceOrientationPortrait UIInterfaceOrientationPortraitUpsideDown UIInterfaceOrientationLandscapeLeft UIInterfaceOrientationLandscapeRight";
				INFOPLIST_KEY_UISupportedInterfaceOrientations_iPhone = "UIInterfaceOrientationPortrait UIInterfaceOrientationLandscapeLeft UIInterfaceOrientationLandscapeRight";
				LD_RUNPATH_SEARCH_PATHS = (
					"$(inherited)",
					"@executable_path/Frameworks",
				);
				MARKETING_VERSION = 1.0;
				PRODUCT_BUNDLE_IDENTIFIER = "uc.AFL3-0706012110034-Marsha-Alexis-Likorawung-RPGBattle";
				PRODUCT_NAME = "$(TARGET_NAME)";
				SWIFT_EMIT_LOC_STRINGS = YES;
				SWIFT_VERSION = 5.0;
				TARGETED_DEVICE_FAMILY = "1,2";
			};
			name = Debug;
		};
		06D0C3EC29F96B1500ACF42D /* Release */ = {
			isa = XCBuildConfiguration;
			buildSettings = {
				ASSETCATALOG_COMPILER_APPICON_NAME = AppIcon;
				ASSETCATALOG_COMPILER_GLOBAL_ACCENT_COLOR_NAME = AccentColor;
				CODE_SIGN_STYLE = Automatic;
				CURRENT_PROJECT_VERSION = 1;
				DEVELOPMENT_ASSET_PATHS = "\"AFL3_0706012110034_Marsha Alexis Likorawung_RPGBattle/Preview Content\"";
				DEVELOPMENT_TEAM = 7573MGT656;
				ENABLE_PREVIEWS = YES;
				GENERATE_INFOPLIST_FILE = YES;
				INFOPLIST_KEY_UIApplicationSceneManifest_Generation = YES;
				INFOPLIST_KEY_UIApplicationSupportsIndirectInputEvents = YES;
				INFOPLIST_KEY_UILaunchScreen_Generation = YES;
				INFOPLIST_KEY_UISupportedInterfaceOrientations_iPad = "UIInterfaceOrientationPortrait UIInterfaceOrientationPortraitUpsideDown UIInterfaceOrientationLandscapeLeft UIInterfaceOrientationLandscapeRight";
				INFOPLIST_KEY_UISupportedInterfaceOrientations_iPhone = "UIInterfaceOrientationPortrait UIInterfaceOrientationLandscapeLeft UIInterfaceOrientationLandscapeRight";
				LD_RUNPATH_SEARCH_PATHS = (
					"$(inherited)",
					"@executable_path/Frameworks",
				);
				MARKETING_VERSION = 1.0;
				PRODUCT_BUNDLE_IDENTIFIER = "uc.AFL3-0706012110034-Marsha-Alexis-Likorawung-RPGBattle";
				PRODUCT_NAME = "$(TARGET_NAME)";
				SWIFT_EMIT_LOC_STRINGS = YES;
				SWIFT_VERSION = 5.0;
				TARGETED_DEVICE_FAMILY = "1,2";
			};
			name = Release;
		};
/* End XCBuildConfiguration section */

/* Begin XCConfigurationList section */
		06D0C3D729F96B1300ACF42D /* Build configuration list for PBXProject "AFL3_0706012110034_Marsha Alexis Likorawung_RPGBattle" */ = {
			isa = XCConfigurationList;
			buildConfigurations = (
				06D0C3E829F96B1500ACF42D /* Debug */,
				06D0C3E929F96B1500ACF42D /* Release */,
			);
			defaultConfigurationIsVisible = 0;
			defaultConfigurationName = Release;
		};
		06D0C3EA29F96B1500ACF42D /* Build configuration list for PBXNativeTarget "AFL3_0706012110034_Marsha Alexis Likorawung_RPGBattle" */ = {
			isa = XCConfigurationList;
			buildConfigurations = (
				06D0C3EB29F96B1500ACF42D /* Debug */,
				06D0C3EC29F96B1500ACF42D /* Release */,
			);
			defaultConfigurationIsVisible = 0;
			defaultConfigurationName = Release;
		};
/* End XCConfigurationList section */
	};
	rootObject = 06D0C3D429F96B1300ACF42D /* Project object */;
}
